{
    "name": "zettlr",
    "version": "0.7.0",
    "lockfileVersion": 1,
    "requires": true,
    "dependencies": {
        "ansi-regex": {
            "version": "2.1.1",
            "resolved": "https://registry.npmjs.org/ansi-regex/-/ansi-regex-2.1.1.tgz",
            "integrity": "sha1-w7M6te42DYbg5ijwRorn7yfWVN8="
        },
        "ansi-styles": {
            "version": "2.2.1",
            "resolved": "https://registry.npmjs.org/ansi-styles/-/ansi-styles-2.2.1.tgz",
            "integrity": "sha1-tDLdM1i2NM914eRmQ2gkBTPB3b4="
        },
        "babel-code-frame": {
            "version": "6.26.0",
            "resolved": "https://registry.npmjs.org/babel-code-frame/-/babel-code-frame-6.26.0.tgz",
            "integrity": "sha1-Y/1D99weO7fONZR9uP42mj9Yx0s=",
            "requires": {
                "chalk": "1.1.3",
                "esutils": "2.0.2",
                "js-tokens": "3.0.2"
            }
        },
        "babel-runtime": {
            "version": "6.26.0",
            "resolved": "https://registry.npmjs.org/babel-runtime/-/babel-runtime-6.26.0.tgz",
            "integrity": "sha1-llxwWGaOgrVde/4E/yM3vItWR/4=",
            "requires": {
                "core-js": "2.5.3",
                "regenerator-runtime": "0.11.1"
            }
        },
        "chalk": {
            "version": "1.1.3",
            "resolved": "https://registry.npmjs.org/chalk/-/chalk-1.1.3.tgz",
            "integrity": "sha1-qBFcVeSnAv5NFQq9OHKCKn4J/Jg=",
            "requires": {
                "ansi-styles": "2.2.1",
                "escape-string-regexp": "1.0.5",
                "has-ansi": "2.0.0",
                "strip-ansi": "3.0.1",
                "supports-color": "2.0.0"
            }
        },
        "codemirror": {
            "version": "5.33.0",
            "resolved": "https://registry.npmjs.org/codemirror/-/codemirror-5.33.0.tgz",
            "integrity": "sha512-HT6PKVqkwpzwB3jl5hXFoQteEWXbSWMzG3Z8RVYlx8hZwCOLCy4NU7vkSB3dYX3e6ORwRfGw4uFOXaw4rn/a9Q=="
        },
        "codemirror-markdown-list-autoindent": {
            "version": "1.0.1",
            "resolved": "https://registry.npmjs.org/codemirror-markdown-list-autoindent/-/codemirror-markdown-list-autoindent-1.0.1.tgz",
            "integrity": "sha512-jJxBX0mfz7IJb8OKjMCR2MmvK7fFhON2QmKc2v/iV/NLpFC/CjOM9Chh5fcHc4ieTZ3ktfhyCX2YCLOAc+tazw==",
            "requires": {
                "codemirror": "5.33.0"
            }
        },
        "command-exists": {
            "version": "1.2.2",
            "resolved": "https://registry.npmjs.org/command-exists/-/command-exists-1.2.2.tgz",
            "integrity": "sha1-EoGcZPr5VEbsCuB/5sr7brNwiyI="
        },
        "core-js": {
            "version": "2.5.3",
            "resolved": "https://registry.npmjs.org/core-js/-/core-js-2.5.3.tgz",
            "integrity": "sha1-isw4NFgk8W2DZbfJtCWRaOjtYD4="
        },
        "escape-string-regexp": {
            "version": "1.0.5",
            "resolved": "https://registry.npmjs.org/escape-string-regexp/-/escape-string-regexp-1.0.5.tgz",
            "integrity": "sha1-G2HAViGQqN/2rjuyzwIAyhMLhtQ="
        },
        "esutils": {
            "version": "2.0.2",
            "resolved": "https://registry.npmjs.org/esutils/-/esutils-2.0.2.tgz",
            "integrity": "sha1-Cr9PHKpbyx96nYrMbepPqqBLrJs="
        },
        "extend-shallow": {
            "version": "2.0.1",
            "resolved": "https://registry.npmjs.org/extend-shallow/-/extend-shallow-2.0.1.tgz",
            "integrity": "sha1-Ua99YUrZqfYQ6huvu5idaxxWiQ8=",
            "requires": {
                "is-extendable": "0.1.1"
            }
        },
        "has-ansi": {
            "version": "2.0.0",
            "resolved": "https://registry.npmjs.org/has-ansi/-/has-ansi-2.0.0.tgz",
            "integrity": "sha1-NPUEnOHs3ysGSa8+8k5F7TVBbZE=",
            "requires": {
                "ansi-regex": "2.1.1"
            }
        },
        "is-extendable": {
            "version": "0.1.1",
            "resolved": "https://registry.npmjs.org/is-extendable/-/is-extendable-0.1.1.tgz",
            "integrity": "sha1-YrEQ4omkcUGOPsNqYX1HLjAd/Ik="
        },
        "js-tokens": {
            "version": "3.0.2",
            "resolved": "https://registry.npmjs.org/js-tokens/-/js-tokens-3.0.2.tgz",
            "integrity": "sha1-mGbfOVECEw449/mWvOtlRDIJwls="
        },
        "object-access": {
            "version": "1.2.2",
            "resolved": "https://registry.npmjs.org/object-access/-/object-access-1.2.2.tgz",
            "integrity": "sha1-7yjIqjMxFn0DnanV2iqVA1MN1GI="
        },
        "p-map": {
            "version": "1.2.0",
            "resolved": "https://registry.npmjs.org/p-map/-/p-map-1.2.0.tgz",
            "integrity": "sha512-r6zKACMNhjPJMTl8KcFH4li//gkrXWfbD6feV8l6doRHlzljFWGJ2AP6iKaCJXyZmAUMOPtvbW7EXkbWO/pLEA=="
        },
        "p-reduce": {
            "version": "1.0.0",
            "resolved": "https://registry.npmjs.org/p-reduce/-/p-reduce-1.0.0.tgz",
            "integrity": "sha1-GMKw3ZNqRpClKfgjH1ig/bakffo="
        },
        "regenerator-runtime": {
            "version": "0.11.1",
            "resolved": "https://registry.npmjs.org/regenerator-runtime/-/regenerator-runtime-0.11.1.tgz",
            "integrity": "sha512-MguG95oij0fC3QV3URf4V2SDYGJhJnJGqvIIgdECeODCT98wSWDAJ94SSuVpYQUoTcGUIL6L4yNB7j1DFFHSBg=="
        },
        "sanitize-filename": {
            "version": "1.6.1",
            "resolved": "https://registry.npmjs.org/sanitize-filename/-/sanitize-filename-1.6.1.tgz",
            "integrity": "sha1-YS2hyWRz+gLczaktzVtKsWSmdyo=",
            "requires": {
                "truncate-utf8-bytes": "1.0.2"
            }
        },
        "split-string": {
            "version": "1.0.1",
            "resolved": "https://registry.npmjs.org/split-string/-/split-string-1.0.1.tgz",
            "integrity": "sha1-vLqz9BUqzuOg1qskecDSh5w9s84=",
            "requires": {
                "extend-shallow": "2.0.1"
            }
        },
        "strip-ansi": {
            "version": "3.0.1",
            "resolved": "https://registry.npmjs.org/strip-ansi/-/strip-ansi-3.0.1.tgz",
            "integrity": "sha1-ajhfuIU9lS1f8F0Oiq+UJ43GPc8=",
            "requires": {
                "ansi-regex": "2.1.1"
            }
        },
        "supports-color": {
            "version": "2.0.0",
            "resolved": "https://registry.npmjs.org/supports-color/-/supports-color-2.0.0.tgz",
            "integrity": "sha1-U10EXOa2Nj+kARcIRimZXp3zJMc="
        },
        "truncate-utf8-bytes": {
            "version": "1.0.2",
            "resolved": "https://registry.npmjs.org/truncate-utf8-bytes/-/truncate-utf8-bytes-1.0.2.tgz",
            "integrity": "sha1-QFkjkJWS1W94pYGENLC3hInKXys=",
            "requires": {
                "utf8-byte-length": "1.0.4"
            }
        },
        "typo": {
            "version": "1.0.6",
            "resolved": "https://registry.npmjs.org/typo/-/typo-1.0.6.tgz",
            "integrity": "sha1-+v/5r/qbQKVIKDJ27mUGiRCfR0c=",
            "requires": {
                "babel-code-frame": "6.26.0",
                "babel-runtime": "6.26.0",
                "escape-string-regexp": "1.0.5",
                "object-access": "1.2.2",
                "p-map": "1.2.0",
                "p-reduce": "1.0.0",
                "split-string": "1.0.1"
            }
        },
        "typo-js": {
            "version": "1.0.3",
            "resolved": "https://registry.npmjs.org/typo-js/-/typo-js-1.0.3.tgz",
            "integrity": "sha1-VNjrx5SfGngQkItgAsaEFSbJnVo="
        },
        "utf8-byte-length": {
            "version": "1.0.4",
            "resolved": "https://registry.npmjs.org/utf8-byte-length/-/utf8-byte-length-1.0.4.tgz",
            "integrity": "sha1-9F8VDExm7uloGGUFq5P8u4rWv2E="
        },
        "util": {
            "version": "0.10.3",
            "resolved": "https://registry.npmjs.org/util/-/util-0.10.3.tgz",
            "integrity": "sha1-evsa/lCAUkZInj23/g7TeTNqwPk=",
            "requires": {
                "inherits": "2.0.1"
            },
            "dependencies": {
                "inherits": {
                    "version": "2.0.1",
                    "resolved": "https://registry.npmjs.org/inherits/-/inherits-2.0.1.tgz",
                    "integrity": "sha1-sX0I0ya0Qj5Wjv9xn5GwscvfafE="
                }
            }
        }
    }
}
